
Microsoft Visual Studio Solution File, Format Version 12.00
# Visual Studio Version 17
VisualStudioVersion = 17.2.32602.215
MinimumVisualStudioVersion = 10.0.40219.1
Project("{9A19103F-16F7-4668-BE54-9A1E7A4F7556}") = "dirup-empresa-admin-api", "dirup-empresa-admin-api\dirup-empresa-admin-api.csproj", "{366C08C8-7FCB-49B3-A037-A00117EBAC5C}"
EndProject
Project("{9A19103F-16F7-4668-BE54-9A1E7A4F7556}") = "Domain", "Domain\Domain.csproj", "{7B0ABF7F-9577-4A04-851B-18B7988ACA6A}"
EndProject
Project("{9A19103F-16F7-4668-BE54-9A1E7A4F7556}") = "Infra", "Infra\Infra.csproj", "{7CD4314E-352E-45A8-8533-881E643EB803}"
EndProject
Global
	GlobalSection(SolutionConfigurationPlatforms) = preSolution
		Debug|Any CPU = Debug|Any CPU
		Release|Any CPU = Release|Any CPU
	EndGlobalSection
	GlobalSection(ProjectConfigurationPlatforms) = postSolution
		{366C08C8-7FCB-49B3-A037-A00117EBAC5C}.Debug|Any CPU.ActiveCfg = Debug|Any CPU
		{366C08C8-7FCB-49B3-A037-A00117EBAC5C}.Debug|Any CPU.Build.0 = Debug|Any CPU
		{366C08C8-7FCB-49B3-A037-A00117EBAC5C}.Release|Any CPU.ActiveCfg = Release|Any CPU
		{366C08C8-7FCB-49B3-A037-A00117EBAC5C}.Release|Any CPU.Build.0 = Release|Any CPU
		{7B0ABF7F-9577-4A04-851B-18B7988ACA6A}.Debug|Any CPU.ActiveCfg = Debug|Any CPU
		{7B0ABF7F-9577-4A04-851B-18B7988ACA6A}.Debug|Any CPU.Build.0 = Debug|Any CPU
		{7B0ABF7F-9577-4A04-851B-18B7988ACA6A}.Release|Any CPU.ActiveCfg = Release|Any CPU
		{7B0ABF7F-9577-4A04-851B-18B7988ACA6A}.Release|Any CPU.Build.0 = Release|Any CPU
		{7CD4314E-352E-45A8-8533-881E643EB803}.Debug|Any CPU.ActiveCfg = Debug|Any CPU
		{7CD4314E-352E-45A8-8533-881E643EB803}.Debug|Any CPU.Build.0 = Debug|Any CPU
		{7CD4314E-352E-45A8-8533-881E643EB803}.Release|Any CPU.ActiveCfg = Release|Any CPU
		{7CD4314E-352E-45A8-8533-881E643EB803}.Release|Any CPU.Build.0 = Release|Any CPU
	EndGlobalSection
	GlobalSection(SolutionProperties) = preSolution
		HideSolutionNode = FALSE
	EndGlobalSection
	GlobalSection(ExtensibilityGlobals) = postSolution
		SolutionGuid = {66A7F8F4-9813-47BC-A930-579265AEDA8A}
	EndGlobalSection
EndGlobal
